
Microsoft Visual Studio Solution File, Format Version 12.00
# Visual Studio Version 17
VisualStudioVersion = 17.12.35506.116 d17.12
MinimumVisualStudioVersion = 10.0.40219.1
Project("{FAE04EC0-301F-11D3-BF4B-00C04F79EFBC}") = "LoopsTest", "LoopsTest.csproj", "{FC7CDCE8-C1DF-4572-A76C-A1955C0AA9FD}"
EndProject
Global
	GlobalSection(SolutionConfigurationPlatforms) = preSolution
		Debug|Any CPU = Debug|Any CPU
		Release|Any CPU = Release|Any CPU
	EndGlobalSection
	GlobalSection(ProjectConfigurationPlatforms) = postSolution
		{FC7CDCE8-C1DF-4572-A76C-A1955C0AA9FD}.Debug|Any CPU.ActiveCfg = Debug|Any CPU
		{FC7CDCE8-C1DF-4572-A76C-A1955C0AA9FD}.Debug|Any CPU.Build.0 = Debug|Any CPU
		{FC7CDCE8-C1DF-4572-A76C-A1955C0AA9FD}.Release|Any CPU.ActiveCfg = Release|Any CPU
		{FC7CDCE8-C1DF-4572-A76C-A1955C0AA9FD}.Release|Any CPU.Build.0 = Release|Any CPU
	EndGlobalSection
	GlobalSection(SolutionProperties) = preSolution
		HideSolutionNode = FALSE
	EndGlobalSection
EndGlobal
